
Microsoft Visual Studio Solution File, Format Version 12.00
# Visual Studio Version 17
VisualStudioVersion = 17.3.32901.215
MinimumVisualStudioVersion = 10.0.40219.1
Project("{9A19103F-16F7-4668-BE54-9A1E7A4F7556}") = "Stealthy", "Lopakodo2\Stealthy.csproj", "{F2060EE7-1B15-4D33-85C9-A3A913E8087C}"
EndProject
Project("{9A19103F-16F7-4668-BE54-9A1E7A4F7556}") = "StealthyTest", "LopakodoTest\StealthyTest.csproj", "{681C6E66-34BC-401D-B72D-0545287F5E37}"
EndProject
Global
	GlobalSection(SolutionConfigurationPlatforms) = preSolution
		Debug|Any CPU = Debug|Any CPU
		Release|Any CPU = Release|Any CPU
	EndGlobalSection
	GlobalSection(ProjectConfigurationPlatforms) = postSolution
		{F2060EE7-1B15-4D33-85C9-A3A913E8087C}.Debug|Any CPU.ActiveCfg = Debug|Any CPU
		{F2060EE7-1B15-4D33-85C9-A3A913E8087C}.Debug|Any CPU.Build.0 = Debug|Any CPU
		{F2060EE7-1B15-4D33-85C9-A3A913E8087C}.Release|Any CPU.ActiveCfg = Release|Any CPU
		{F2060EE7-1B15-4D33-85C9-A3A913E8087C}.Release|Any CPU.Build.0 = Release|Any CPU
		{681C6E66-34BC-401D-B72D-0545287F5E37}.Debug|Any CPU.ActiveCfg = Debug|Any CPU
		{681C6E66-34BC-401D-B72D-0545287F5E37}.Debug|Any CPU.Build.0 = Debug|Any CPU
		{681C6E66-34BC-401D-B72D-0545287F5E37}.Release|Any CPU.ActiveCfg = Release|Any CPU
		{681C6E66-34BC-401D-B72D-0545287F5E37}.Release|Any CPU.Build.0 = Release|Any CPU
	EndGlobalSection
	GlobalSection(SolutionProperties) = preSolution
		HideSolutionNode = FALSE
	EndGlobalSection
	GlobalSection(ExtensibilityGlobals) = postSolution
		SolutionGuid = {EE7FEAA7-3696-4786-8C21-17A73AFC6FDE}
	EndGlobalSection
EndGlobal
